
Microsoft Visual Studio Solution File, Format Version 12.00
# Visual Studio Version 17
VisualStudioVersion = 17.3.32825.248
MinimumVisualStudioVersion = 10.0.40219.1
Project("{2150E333-8FDC-42A3-9474-1A3956D46DE8}") = "Tests", "Tests", "{8579EADD-4452-402C-A25C-869BA670E489}"
EndProject
Project("{9A19103F-16F7-4668-BE54-9A1E7A4F7556}") = "Device.Tester", "samples\Device.Tester\Device.Tester.csproj", "{B36CDEDA-B1AB-4A90-9885-A022A548C241}"
EndProject
Project("{9A19103F-16F7-4668-BE54-9A1E7A4F7556}") = "ThingsLibrary.Device", "src\ThingsLibrary.Device\ThingsLibrary.Device.csproj", "{90E4C4F2-8AE4-4D54-AB82-6A20D3CEA48C}"
EndProject
Project("{9A19103F-16F7-4668-BE54-9A1E7A4F7556}") = "ThingsLibrary.Device.Tests", "tests\ThingsLibrary.Device.Tests\ThingsLibrary.Device.Tests.csproj", "{B63EEBAD-8AFF-4BCD-85DF-7BCF1B413B52}"
EndProject
Project("{FAE04EC0-301F-11D3-BF4B-00C04F79EFBC}") = "Iot.Device.Ssd13xx", "src\Iot.Device.Ssd13xx\src\Iot.Device.Ssd13xx\Iot.Device.Ssd13xx.csproj", "{D6F150FE-6D70-4CE6-9E75-88D41C74180D}"
EndProject
Project("{2150E333-8FDC-42A3-9474-1A3956D46DE8}") = "Iot.Device", "Iot.Device", "{438CF8FF-D1D1-4B76-8461-9F6192F98DEC}"
EndProject
Project("{FAE04EC0-301F-11D3-BF4B-00C04F79EFBC}") = "Iot.Device.Pmsx003", "src\Iot.Device.Pmsx003\Iot.Device.Pmsx003.csproj", "{2BD9DF50-4E02-4293-92CA-0DDFEA2BC4E8}"
EndProject
Project("{FAE04EC0-301F-11D3-BF4B-00C04F79EFBC}") = "Iot.Device.Sen5x", "src\Iot.Device.Sen5x\Iot.Device.Sen5x.csproj", "{33CEC96D-C30A-48FC-BB8A-6235BC897D4B}"
EndProject
Project("{FAE04EC0-301F-11D3-BF4B-00C04F79EFBC}") = "Iot.Device.S3km1110", "src\Iot.Device.S3km1110\Iot.Device.S3km1110.csproj", "{57E9896E-A57D-4295-9929-71204FD5CBCA}"
EndProject
Project("{2150E333-8FDC-42A3-9474-1A3956D46DE8}") = "base", "base", "{02EA681E-C7D8-13C7-8484-4AC65E1B71E8}"
EndProject
Project("{FAE04EC0-301F-11D3-BF4B-00C04F79EFBC}") = "ThingsLibrary.Schema.Library", "..\Schemas\src\csharp\ThingsLibrary.Schema.Library\ThingsLibrary.Schema.Library.csproj", "{DD0F01EF-876D-3E6E-886F-F007D8AB07EF}"
EndProject
Project("{FAE04EC0-301F-11D3-BF4B-00C04F79EFBC}") = "ThingsLibrary", "..\Frameworks\Base\src\ThingsLibrary.Base\ThingsLibrary.csproj", "{4BA8F46A-4CB1-C888-74E7-B3ABC85B2BAF}"
EndProject
Global
	GlobalSection(SolutionConfigurationPlatforms) = preSolution
		Debug|Any CPU = Debug|Any CPU
		Release|Any CPU = Release|Any CPU
	EndGlobalSection
	GlobalSection(ProjectConfigurationPlatforms) = postSolution
		{B36CDEDA-B1AB-4A90-9885-A022A548C241}.Debug|Any CPU.ActiveCfg = Debug|Any CPU
		{B36CDEDA-B1AB-4A90-9885-A022A548C241}.Debug|Any CPU.Build.0 = Debug|Any CPU
		{B36CDEDA-B1AB-4A90-9885-A022A548C241}.Release|Any CPU.ActiveCfg = Release|Any CPU
		{B36CDEDA-B1AB-4A90-9885-A022A548C241}.Release|Any CPU.Build.0 = Release|Any CPU
		{90E4C4F2-8AE4-4D54-AB82-6A20D3CEA48C}.Debug|Any CPU.ActiveCfg = Debug|Any CPU
		{90E4C4F2-8AE4-4D54-AB82-6A20D3CEA48C}.Debug|Any CPU.Build.0 = Debug|Any CPU
		{90E4C4F2-8AE4-4D54-AB82-6A20D3CEA48C}.Release|Any CPU.ActiveCfg = Release|Any CPU
		{90E4C4F2-8AE4-4D54-AB82-6A20D3CEA48C}.Release|Any CPU.Build.0 = Release|Any CPU
		{B63EEBAD-8AFF-4BCD-85DF-7BCF1B413B52}.Debug|Any CPU.ActiveCfg = Debug|Any CPU
		{B63EEBAD-8AFF-4BCD-85DF-7BCF1B413B52}.Debug|Any CPU.Build.0 = Debug|Any CPU
		{B63EEBAD-8AFF-4BCD-85DF-7BCF1B413B52}.Release|Any CPU.ActiveCfg = Release|Any CPU
		{B63EEBAD-8AFF-4BCD-85DF-7BCF1B413B52}.Release|Any CPU.Build.0 = Release|Any CPU
		{D6F150FE-6D70-4CE6-9E75-88D41C74180D}.Debug|Any CPU.ActiveCfg = Debug|Any CPU
		{D6F150FE-6D70-4CE6-9E75-88D41C74180D}.Debug|Any CPU.Build.0 = Debug|Any CPU
		{D6F150FE-6D70-4CE6-9E75-88D41C74180D}.Release|Any CPU.ActiveCfg = Release|Any CPU
		{D6F150FE-6D70-4CE6-9E75-88D41C74180D}.Release|Any CPU.Build.0 = Release|Any CPU
		{2BD9DF50-4E02-4293-92CA-0DDFEA2BC4E8}.Debug|Any CPU.ActiveCfg = Debug|Any CPU
		{2BD9DF50-4E02-4293-92CA-0DDFEA2BC4E8}.Debug|Any CPU.Build.0 = Debug|Any CPU
		{2BD9DF50-4E02-4293-92CA-0DDFEA2BC4E8}.Release|Any CPU.ActiveCfg = Release|Any CPU
		{2BD9DF50-4E02-4293-92CA-0DDFEA2BC4E8}.Release|Any CPU.Build.0 = Release|Any CPU
		{33CEC96D-C30A-48FC-BB8A-6235BC897D4B}.Debug|Any CPU.ActiveCfg = Debug|Any CPU
		{33CEC96D-C30A-48FC-BB8A-6235BC897D4B}.Debug|Any CPU.Build.0 = Debug|Any CPU
		{33CEC96D-C30A-48FC-BB8A-6235BC897D4B}.Release|Any CPU.ActiveCfg = Release|Any CPU
		{33CEC96D-C30A-48FC-BB8A-6235BC897D4B}.Release|Any CPU.Build.0 = Release|Any CPU
		{57E9896E-A57D-4295-9929-71204FD5CBCA}.Debug|Any CPU.ActiveCfg = Debug|Any CPU
		{57E9896E-A57D-4295-9929-71204FD5CBCA}.Debug|Any CPU.Build.0 = Debug|Any CPU
		{57E9896E-A57D-4295-9929-71204FD5CBCA}.Release|Any CPU.ActiveCfg = Release|Any CPU
		{57E9896E-A57D-4295-9929-71204FD5CBCA}.Release|Any CPU.Build.0 = Release|Any CPU
		{DD0F01EF-876D-3E6E-886F-F007D8AB07EF}.Debug|Any CPU.ActiveCfg = Debug|Any CPU
		{DD0F01EF-876D-3E6E-886F-F007D8AB07EF}.Debug|Any CPU.Build.0 = Debug|Any CPU
		{DD0F01EF-876D-3E6E-886F-F007D8AB07EF}.Release|Any CPU.ActiveCfg = Release|Any CPU
		{DD0F01EF-876D-3E6E-886F-F007D8AB07EF}.Release|Any CPU.Build.0 = Release|Any CPU
		{4BA8F46A-4CB1-C888-74E7-B3ABC85B2BAF}.Debug|Any CPU.ActiveCfg = Debug|Any CPU
		{4BA8F46A-4CB1-C888-74E7-B3ABC85B2BAF}.Debug|Any CPU.Build.0 = Debug|Any CPU
		{4BA8F46A-4CB1-C888-74E7-B3ABC85B2BAF}.Release|Any CPU.ActiveCfg = Release|Any CPU
		{4BA8F46A-4CB1-C888-74E7-B3ABC85B2BAF}.Release|Any CPU.Build.0 = Release|Any CPU
	EndGlobalSection
	GlobalSection(SolutionProperties) = preSolution
		HideSolutionNode = FALSE
	EndGlobalSection
	GlobalSection(NestedProjects) = preSolution
		{B36CDEDA-B1AB-4A90-9885-A022A548C241} = {8579EADD-4452-402C-A25C-869BA670E489}
		{B63EEBAD-8AFF-4BCD-85DF-7BCF1B413B52} = {8579EADD-4452-402C-A25C-869BA670E489}
		{D6F150FE-6D70-4CE6-9E75-88D41C74180D} = {438CF8FF-D1D1-4B76-8461-9F6192F98DEC}
		{438CF8FF-D1D1-4B76-8461-9F6192F98DEC} = {02EA681E-C7D8-13C7-8484-4AC65E1B71E8}
		{2BD9DF50-4E02-4293-92CA-0DDFEA2BC4E8} = {438CF8FF-D1D1-4B76-8461-9F6192F98DEC}
		{33CEC96D-C30A-48FC-BB8A-6235BC897D4B} = {438CF8FF-D1D1-4B76-8461-9F6192F98DEC}
		{57E9896E-A57D-4295-9929-71204FD5CBCA} = {438CF8FF-D1D1-4B76-8461-9F6192F98DEC}
		{DD0F01EF-876D-3E6E-886F-F007D8AB07EF} = {02EA681E-C7D8-13C7-8484-4AC65E1B71E8}
		{4BA8F46A-4CB1-C888-74E7-B3ABC85B2BAF} = {02EA681E-C7D8-13C7-8484-4AC65E1B71E8}
	EndGlobalSection
	GlobalSection(ExtensibilityGlobals) = postSolution
		SolutionGuid = {6F16E4DF-9BE6-47DE-B11C-84A38FBEC050}
	EndGlobalSection
EndGlobal
